
Microsoft Visual Studio Solution File, Format Version 12.00
# Visual Studio 14
VisualStudioVersion = 14.0.23107.0
MinimumVisualStudioVersion = 10.0.40219.1
Project("{D954291E-2A0B-460D-934E-DC6B0785DB48}") = "SharedProject", "SharedProject\SharedProject.shproj", "{CE1494C5-88CE-4317-B6A1-B823B8194E44}"
EndProject
Project("{FAE04EC0-301F-11D3-BF4B-00C04F79EFBC}") = "AndroidApp", "AndroidApp\AndroidApp.csproj", "{C6363174-6FC8-4C8E-B8A2-30CEEAC9D924}"
EndProject
Global
	GlobalSection(SharedMSBuildProjectFiles) = preSolution
		SharedProject\SharedProject.projitems*{c6363174-6fc8-4c8e-b8a2-30ceeac9d924}*SharedItemsImports = 4
		SharedProject\SharedProject.projitems*{ce1494c5-88ce-4317-b6a1-b823b8194e44}*SharedItemsImports = 13
	EndGlobalSection
	GlobalSection(SolutionConfigurationPlatforms) = preSolution
		Debug|Any CPU = Debug|Any CPU
		Release|Any CPU = Release|Any CPU
	EndGlobalSection
	GlobalSection(ProjectConfigurationPlatforms) = postSolution
		{C6363174-6FC8-4C8E-B8A2-30CEEAC9D924}.Debug|Any CPU.ActiveCfg = Debug|Any CPU
		{C6363174-6FC8-4C8E-B8A2-30CEEAC9D924}.Debug|Any CPU.Build.0 = Debug|Any CPU
		{C6363174-6FC8-4C8E-B8A2-30CEEAC9D924}.Debug|Any CPU.Deploy.0 = Debug|Any CPU
		{C6363174-6FC8-4C8E-B8A2-30CEEAC9D924}.Release|Any CPU.ActiveCfg = Release|Any CPU
		{C6363174-6FC8-4C8E-B8A2-30CEEAC9D924}.Release|Any CPU.Build.0 = Release|Any CPU
		{C6363174-6FC8-4C8E-B8A2-30CEEAC9D924}.Release|Any CPU.Deploy.0 = Release|Any CPU
	EndGlobalSection
	GlobalSection(SolutionProperties) = preSolution
		HideSolutionNode = FALSE
	EndGlobalSection
EndGlobal
